{
  "meteor": {
    "git": "https://github.com/meteor/meteor.git",
    "tag": "v0.5.4",
    "commit": "2d27799008fb87a06d4119c48097aa382d230b61"
  },
  "dependencies": {
    "basePackages": {
      "bafa": {
        "git": "git://github.com/erlendve/BAFA.git",
        "branch": "master"
      },
      "ace": {
        "git": "git://github.com/erlendve/meteor-ace.git",
        "branch": "master"
      },
      "x-editable-bootstrap": {
        "git": "git://github.com/erlendve/meteor-x-editable-bootstrap.git",
        "branch": "master"
      }
    },
    "packages": {
      "bafa": {
        "git": "git://github.com/erlendve/BAFA.git",
        "branch": "master",
        "commit": "56a66828ee7fabfa907a3f7fedac0d859f8fcbd9"
      },
      "ace": {
        "git": "git://github.com/erlendve/meteor-ace.git",
        "branch": "master",
        "commit": "863942ec668872b36ef1696b399fbaf54240e9c8"
      },
      "x-editable-bootstrap": {
        "git": "git://github.com/erlendve/meteor-x-editable-bootstrap.git",
        "branch": "master",
        "commit": "b04dac30bc81cd2fc19f2ca27a88d81d0d3e70ee"
      }
    }
  }
}
