{
  "meteor": {
    "git": "https://github.com/meteor/meteor.git",
    "tag": "master",
    "commit": "4d98d8cb4e5a95e9e98953f44c872c9332a042a3"
  },
  "dependencies": {
    "basePackages": {
      "bafa": {
        "git": "git://github.com/erlendve/BAFA.git",
        "branch": "master"
      },
      "ace": {
        "git": "git://github.com/erlendve/meteor-ace.git",
        "branch": "master"
      },
      "x-editable-bootstrap": {
        "git": "git://github.com/erlendve/meteor-x-editable-bootstrap.git",
        "branch": "master"
      }
    },
    "packages": {
      "bafa": {
        "git": "git://github.com/erlendve/BAFA.git",
        "branch": "master",
        "commit": "631b506ebddaf29ac37dc244431b0a87ab68fc69"
      },
      "ace": {
        "git": "git://github.com/erlendve/meteor-ace.git",
        "branch": "master",
        "commit": "863942ec668872b36ef1696b399fbaf54240e9c8"
      },
      "x-editable-bootstrap": {
        "git": "git://github.com/erlendve/meteor-x-editable-bootstrap.git",
        "branch": "master",
        "commit": "7b31fc565fd840d4658b5be5603eec156672c3b9"
      }
    }
  }
}
